
Microsoft Visual Studio Solution File, Format Version 12.00
# Visual Studio Version 17
VisualStudioVersion = 17.13.35825.156 d17.13
MinimumVisualStudioVersion = 10.0.40219.1
Project("{FAE04EC0-301F-11D3-BF4B-00C04F79EFBC}") = "InvoiceApp.API", "InvoiceApp.API\InvoiceApp.API.csproj", "{60E4626B-B1BB-433C-B946-20708F93CE0F}"
EndProject
Project("{FAE04EC0-301F-11D3-BF4B-00C04F79EFBC}") = "InvoiceApp.Application", "InvoiceApp.Application\InvoiceApp.Application.csproj", "{0B6A5964-32BB-4499-93E4-F2FBA3D9EF32}"
EndProject
Project("{FAE04EC0-301F-11D3-BF4B-00C04F79EFBC}") = "InvoiceApp.Domain", "InvoiceApp.Domain\InvoiceApp.Domain.csproj", "{858AAFA1-23A4-4062-B2DA-F203538BE0C3}"
EndProject
Project("{FAE04EC0-301F-11D3-BF4B-00C04F79EFBC}") = "InvoiceApp.Persistence", "InvoiceApp.Persistence\InvoiceApp.Persistence.csproj", "{8BD5098B-74DF-4C0A-BAA8-1F93A6A8EBB7}"
EndProject
Project("{FAE04EC0-301F-11D3-BF4B-00C04F79EFBC}") = "InvoiceApp.Infrastructure", "InvoiceApp.Infrastructure\InvoiceApp.Infrastructure.csproj", "{D452A250-B6C8-4DFF-9926-341D9F966E1A}"
EndProject
Global
	GlobalSection(SolutionConfigurationPlatforms) = preSolution
		Debug|Any CPU = Debug|Any CPU
		Release|Any CPU = Release|Any CPU
	EndGlobalSection
	GlobalSection(ProjectConfigurationPlatforms) = postSolution
		{60E4626B-B1BB-433C-B946-20708F93CE0F}.Debug|Any CPU.ActiveCfg = Debug|Any CPU
		{60E4626B-B1BB-433C-B946-20708F93CE0F}.Debug|Any CPU.Build.0 = Debug|Any CPU
		{60E4626B-B1BB-433C-B946-20708F93CE0F}.Release|Any CPU.ActiveCfg = Release|Any CPU
		{60E4626B-B1BB-433C-B946-20708F93CE0F}.Release|Any CPU.Build.0 = Release|Any CPU
		{0B6A5964-32BB-4499-93E4-F2FBA3D9EF32}.Debug|Any CPU.ActiveCfg = Debug|Any CPU
		{0B6A5964-32BB-4499-93E4-F2FBA3D9EF32}.Debug|Any CPU.Build.0 = Debug|Any CPU
		{0B6A5964-32BB-4499-93E4-F2FBA3D9EF32}.Release|Any CPU.ActiveCfg = Release|Any CPU
		{0B6A5964-32BB-4499-93E4-F2FBA3D9EF32}.Release|Any CPU.Build.0 = Release|Any CPU
		{858AAFA1-23A4-4062-B2DA-F203538BE0C3}.Debug|Any CPU.ActiveCfg = Debug|Any CPU
		{858AAFA1-23A4-4062-B2DA-F203538BE0C3}.Debug|Any CPU.Build.0 = Debug|Any CPU
		{858AAFA1-23A4-4062-B2DA-F203538BE0C3}.Release|Any CPU.ActiveCfg = Release|Any CPU
		{858AAFA1-23A4-4062-B2DA-F203538BE0C3}.Release|Any CPU.Build.0 = Release|Any CPU
		{8BD5098B-74DF-4C0A-BAA8-1F93A6A8EBB7}.Debug|Any CPU.ActiveCfg = Debug|Any CPU
		{8BD5098B-74DF-4C0A-BAA8-1F93A6A8EBB7}.Debug|Any CPU.Build.0 = Debug|Any CPU
		{8BD5098B-74DF-4C0A-BAA8-1F93A6A8EBB7}.Release|Any CPU.ActiveCfg = Release|Any CPU
		{8BD5098B-74DF-4C0A-BAA8-1F93A6A8EBB7}.Release|Any CPU.Build.0 = Release|Any CPU
		{D452A250-B6C8-4DFF-9926-341D9F966E1A}.Debug|Any CPU.ActiveCfg = Debug|Any CPU
		{D452A250-B6C8-4DFF-9926-341D9F966E1A}.Debug|Any CPU.Build.0 = Debug|Any CPU
		{D452A250-B6C8-4DFF-9926-341D9F966E1A}.Release|Any CPU.ActiveCfg = Release|Any CPU
		{D452A250-B6C8-4DFF-9926-341D9F966E1A}.Release|Any CPU.Build.0 = Release|Any CPU
	EndGlobalSection
	GlobalSection(SolutionProperties) = preSolution
		HideSolutionNode = FALSE
	EndGlobalSection
	GlobalSection(ExtensibilityGlobals) = postSolution
		SolutionGuid = {5C39D269-AE48-43FD-82D2-C665B8B63420}
	EndGlobalSection
EndGlobal
